
Microsoft Visual Studio Solution File, Format Version 12.00
# Visual Studio Version 16
VisualStudioVersion = 16.0.30717.126
MinimumVisualStudioVersion = 10.0.40219.1
Project("{FAE04EC0-301F-11D3-BF4B-00C04F79EFBC}") = "01.Composite", "01.Composite\01.Composite.csproj", "{F38DD561-D8AA-44D9-9CE0-CE0AD51C1465}"
EndProject
Project("{FAE04EC0-301F-11D3-BF4B-00C04F79EFBC}") = "01.Composite.Tests", "01.Composite.Tests\01.Composite.Tests.csproj", "{4D1BF0E9-6903-40CC-9FB6-B1040CF2930F}"
EndProject
Global
	GlobalSection(SolutionConfigurationPlatforms) = preSolution
		Debug|Any CPU = Debug|Any CPU
		Release|Any CPU = Release|Any CPU
	EndGlobalSection
	GlobalSection(ProjectConfigurationPlatforms) = postSolution
		{F38DD561-D8AA-44D9-9CE0-CE0AD51C1465}.Debug|Any CPU.ActiveCfg = Debug|Any CPU
		{F38DD561-D8AA-44D9-9CE0-CE0AD51C1465}.Debug|Any CPU.Build.0 = Debug|Any CPU
		{F38DD561-D8AA-44D9-9CE0-CE0AD51C1465}.Release|Any CPU.ActiveCfg = Release|Any CPU
		{F38DD561-D8AA-44D9-9CE0-CE0AD51C1465}.Release|Any CPU.Build.0 = Release|Any CPU
		{4D1BF0E9-6903-40CC-9FB6-B1040CF2930F}.Debug|Any CPU.ActiveCfg = Debug|Any CPU
		{4D1BF0E9-6903-40CC-9FB6-B1040CF2930F}.Debug|Any CPU.Build.0 = Debug|Any CPU
		{4D1BF0E9-6903-40CC-9FB6-B1040CF2930F}.Release|Any CPU.ActiveCfg = Release|Any CPU
		{4D1BF0E9-6903-40CC-9FB6-B1040CF2930F}.Release|Any CPU.Build.0 = Release|Any CPU
	EndGlobalSection
	GlobalSection(SolutionProperties) = preSolution
		HideSolutionNode = FALSE
	EndGlobalSection
	GlobalSection(ExtensibilityGlobals) = postSolution
		SolutionGuid = {0C665B3B-A1E0-41BD-94ED-59C2B550D0F8}
	EndGlobalSection
EndGlobal
